
Microsoft Visual Studio Solution File, Format Version 12.00
# Visual Studio Version 16
VisualStudioVersion = 16.0.31410.357
MinimumVisualStudioVersion = 10.0.40219.1
Project("{FAE04EC0-301F-11D3-BF4B-00C04F79EFBC}") = "MetaImageEditor", "MetaImageEditor.csproj", "{BBD2137F-127D-4F6F-9EE9-30AD4179AE02}"
EndProject
Global
	GlobalSection(SolutionConfigurationPlatforms) = preSolution
		Debug|Any CPU = Debug|Any CPU
		Release|Any CPU = Release|Any CPU
	EndGlobalSection
	GlobalSection(ProjectConfigurationPlatforms) = postSolution
		{BBD2137F-127D-4F6F-9EE9-30AD4179AE02}.Debug|Any CPU.ActiveCfg = Debug|Any CPU
		{BBD2137F-127D-4F6F-9EE9-30AD4179AE02}.Debug|Any CPU.Build.0 = Debug|Any CPU
		{BBD2137F-127D-4F6F-9EE9-30AD4179AE02}.Release|Any CPU.ActiveCfg = Release|Any CPU
		{BBD2137F-127D-4F6F-9EE9-30AD4179AE02}.Release|Any CPU.Build.0 = Release|Any CPU
	EndGlobalSection
	GlobalSection(SolutionProperties) = preSolution
		HideSolutionNode = FALSE
	EndGlobalSection
	GlobalSection(ExtensibilityGlobals) = postSolution
		SolutionGuid = {4675FF9C-F887-42D2-B500-CC1BAB8BE723}
	EndGlobalSection
EndGlobal
